
Microsoft Visual Studio Solution File, Format Version 12.00
# Visual Studio Version 16
VisualStudioVersion = 16.0.32630.194
MinimumVisualStudioVersion = 10.0.40219.1
Project("{FAE04EC0-301F-11D3-BF4B-00C04F79EFBC}") = "CW_09", "CW_09\CW_09.csproj", "{340E637F-03E3-45DB-9208-0DB8143F0494}"
EndProject
Global
	GlobalSection(SolutionConfigurationPlatforms) = preSolution
		Debug|Any CPU = Debug|Any CPU
		Release|Any CPU = Release|Any CPU
	EndGlobalSection
	GlobalSection(ProjectConfigurationPlatforms) = postSolution
		{340E637F-03E3-45DB-9208-0DB8143F0494}.Debug|Any CPU.ActiveCfg = Debug|Any CPU
		{340E637F-03E3-45DB-9208-0DB8143F0494}.Debug|Any CPU.Build.0 = Debug|Any CPU
		{340E637F-03E3-45DB-9208-0DB8143F0494}.Release|Any CPU.ActiveCfg = Release|Any CPU
		{340E637F-03E3-45DB-9208-0DB8143F0494}.Release|Any CPU.Build.0 = Release|Any CPU
	EndGlobalSection
	GlobalSection(SolutionProperties) = preSolution
		HideSolutionNode = FALSE
	EndGlobalSection
	GlobalSection(ExtensibilityGlobals) = postSolution
		SolutionGuid = {CB1D9CE4-E25E-4785-B30E-CE58F2761D8F}
	EndGlobalSection
EndGlobal
